
Microsoft Visual Studio Solution File, Format Version 12.00
# Visual Studio Version 17
VisualStudioVersion = 17.3.32811.315
MinimumVisualStudioVersion = 10.0.40219.1
Project("{9A19103F-16F7-4668-BE54-9A1E7A4F7556}") = "Mi primer proyecto", "Mi primer proyecto\Mi primer proyecto.csproj", "{EF463428-575C-4F5B-A96D-8D9BEEAB4B98}"
EndProject
Project("{2150E333-8FDC-42A3-9474-1A3956D46DE8}") = "Clase 1", "Clase 1", "{1395A0A8-0D04-4376-854D-9A3868E80668}"
EndProject
Project("{9A19103F-16F7-4668-BE54-9A1E7A4F7556}") = "Ejercicio_01", "Ejercicio_01\Ejercicio_01.csproj", "{A26BC050-49C1-4F02-95FC-5D9F5F785C01}"
EndProject
Project("{9A19103F-16F7-4668-BE54-9A1E7A4F7556}") = "Ejercicio_02", "Ejercicio_02\Ejercicio_02.csproj", "{81D29775-F5AE-4A2D-9785-051C5B03D6D1}"
EndProject
Project("{9A19103F-16F7-4668-BE54-9A1E7A4F7556}") = "Ejercicio_03", "Ejercicio_03\Ejercicio_03.csproj", "{F992B62F-9BCE-4DFB-88E7-9D829671D7B2}"
EndProject
Project("{2150E333-8FDC-42A3-9474-1A3956D46DE8}") = "Clase 2", "Clase 2", "{1B6F2D8B-084A-421F-A3B5-EFD40561F6E5}"
EndProject
Project("{9A19103F-16F7-4668-BE54-9A1E7A4F7556}") = "ConsoleApp1", "ConsoleApp1\ConsoleApp1.csproj", "{B3AF2E62-021A-4111-9190-841C9AD9AA37}"
EndProject
Project("{9A19103F-16F7-4668-BE54-9A1E7A4F7556}") = "Ejercicio_04", "Ejercicio_04\Ejercicio_04.csproj", "{395BACB9-E735-46C0-958E-B6BAC3738C47}"
EndProject
Project("{FAE04EC0-301F-11D3-BF4B-00C04F79EFBC}") = "Ejercicio_05", "Ejercicio_05\Ejercicio_05.csproj", "{FC2D8C1D-3207-4304-804A-06EF9A9B821D}"
EndProject
Project("{FAE04EC0-301F-11D3-BF4B-00C04F79EFBC}") = "Ejercicio_06", "Ejercicio_06\Ejercicio_06.csproj", "{559B2C21-7DB9-431B-A1AB-0237A6508AE2}"
EndProject
Project("{2150E333-8FDC-42A3-9474-1A3956D46DE8}") = "Ejercitación", "Ejercitación", "{44798533-6E5B-4E1F-9372-DF893F1CE0B5}"
EndProject
Global
	GlobalSection(SolutionConfigurationPlatforms) = preSolution
		Debug|Any CPU = Debug|Any CPU
		Release|Any CPU = Release|Any CPU
	EndGlobalSection
	GlobalSection(ProjectConfigurationPlatforms) = postSolution
		{EF463428-575C-4F5B-A96D-8D9BEEAB4B98}.Debug|Any CPU.ActiveCfg = Debug|Any CPU
		{EF463428-575C-4F5B-A96D-8D9BEEAB4B98}.Debug|Any CPU.Build.0 = Debug|Any CPU
		{EF463428-575C-4F5B-A96D-8D9BEEAB4B98}.Release|Any CPU.ActiveCfg = Release|Any CPU
		{EF463428-575C-4F5B-A96D-8D9BEEAB4B98}.Release|Any CPU.Build.0 = Release|Any CPU
		{A26BC050-49C1-4F02-95FC-5D9F5F785C01}.Debug|Any CPU.ActiveCfg = Debug|Any CPU
		{A26BC050-49C1-4F02-95FC-5D9F5F785C01}.Debug|Any CPU.Build.0 = Debug|Any CPU
		{A26BC050-49C1-4F02-95FC-5D9F5F785C01}.Release|Any CPU.ActiveCfg = Release|Any CPU
		{A26BC050-49C1-4F02-95FC-5D9F5F785C01}.Release|Any CPU.Build.0 = Release|Any CPU
		{81D29775-F5AE-4A2D-9785-051C5B03D6D1}.Debug|Any CPU.ActiveCfg = Debug|Any CPU
		{81D29775-F5AE-4A2D-9785-051C5B03D6D1}.Debug|Any CPU.Build.0 = Debug|Any CPU
		{81D29775-F5AE-4A2D-9785-051C5B03D6D1}.Release|Any CPU.ActiveCfg = Release|Any CPU
		{81D29775-F5AE-4A2D-9785-051C5B03D6D1}.Release|Any CPU.Build.0 = Release|Any CPU
		{F992B62F-9BCE-4DFB-88E7-9D829671D7B2}.Debug|Any CPU.ActiveCfg = Debug|Any CPU
		{F992B62F-9BCE-4DFB-88E7-9D829671D7B2}.Debug|Any CPU.Build.0 = Debug|Any CPU
		{F992B62F-9BCE-4DFB-88E7-9D829671D7B2}.Release|Any CPU.ActiveCfg = Release|Any CPU
		{F992B62F-9BCE-4DFB-88E7-9D829671D7B2}.Release|Any CPU.Build.0 = Release|Any CPU
		{B3AF2E62-021A-4111-9190-841C9AD9AA37}.Debug|Any CPU.ActiveCfg = Debug|Any CPU
		{B3AF2E62-021A-4111-9190-841C9AD9AA37}.Debug|Any CPU.Build.0 = Debug|Any CPU
		{B3AF2E62-021A-4111-9190-841C9AD9AA37}.Release|Any CPU.ActiveCfg = Release|Any CPU
		{B3AF2E62-021A-4111-9190-841C9AD9AA37}.Release|Any CPU.Build.0 = Release|Any CPU
		{395BACB9-E735-46C0-958E-B6BAC3738C47}.Debug|Any CPU.ActiveCfg = Debug|Any CPU
		{395BACB9-E735-46C0-958E-B6BAC3738C47}.Debug|Any CPU.Build.0 = Debug|Any CPU
		{395BACB9-E735-46C0-958E-B6BAC3738C47}.Release|Any CPU.ActiveCfg = Release|Any CPU
		{395BACB9-E735-46C0-958E-B6BAC3738C47}.Release|Any CPU.Build.0 = Release|Any CPU
		{FC2D8C1D-3207-4304-804A-06EF9A9B821D}.Debug|Any CPU.ActiveCfg = Debug|Any CPU
		{FC2D8C1D-3207-4304-804A-06EF9A9B821D}.Debug|Any CPU.Build.0 = Debug|Any CPU
		{FC2D8C1D-3207-4304-804A-06EF9A9B821D}.Release|Any CPU.ActiveCfg = Release|Any CPU
		{FC2D8C1D-3207-4304-804A-06EF9A9B821D}.Release|Any CPU.Build.0 = Release|Any CPU
		{559B2C21-7DB9-431B-A1AB-0237A6508AE2}.Debug|Any CPU.ActiveCfg = Debug|Any CPU
		{559B2C21-7DB9-431B-A1AB-0237A6508AE2}.Debug|Any CPU.Build.0 = Debug|Any CPU
		{559B2C21-7DB9-431B-A1AB-0237A6508AE2}.Release|Any CPU.ActiveCfg = Release|Any CPU
		{559B2C21-7DB9-431B-A1AB-0237A6508AE2}.Release|Any CPU.Build.0 = Release|Any CPU
	EndGlobalSection
	GlobalSection(SolutionProperties) = preSolution
		HideSolutionNode = FALSE
	EndGlobalSection
	GlobalSection(NestedProjects) = preSolution
		{EF463428-575C-4F5B-A96D-8D9BEEAB4B98} = {1395A0A8-0D04-4376-854D-9A3868E80668}
		{A26BC050-49C1-4F02-95FC-5D9F5F785C01} = {44798533-6E5B-4E1F-9372-DF893F1CE0B5}
		{81D29775-F5AE-4A2D-9785-051C5B03D6D1} = {44798533-6E5B-4E1F-9372-DF893F1CE0B5}
		{F992B62F-9BCE-4DFB-88E7-9D829671D7B2} = {44798533-6E5B-4E1F-9372-DF893F1CE0B5}
		{B3AF2E62-021A-4111-9190-841C9AD9AA37} = {1B6F2D8B-084A-421F-A3B5-EFD40561F6E5}
		{395BACB9-E735-46C0-958E-B6BAC3738C47} = {44798533-6E5B-4E1F-9372-DF893F1CE0B5}
		{FC2D8C1D-3207-4304-804A-06EF9A9B821D} = {44798533-6E5B-4E1F-9372-DF893F1CE0B5}
		{559B2C21-7DB9-431B-A1AB-0237A6508AE2} = {44798533-6E5B-4E1F-9372-DF893F1CE0B5}
	EndGlobalSection
	GlobalSection(ExtensibilityGlobals) = postSolution
		SolutionGuid = {83326CD4-4A13-41A3-B0E5-E81D67132994}
	EndGlobalSection
EndGlobal
